
Microsoft Visual Studio Solution File, Format Version 12.00
# Visual Studio Version 17
VisualStudioVersion = 17.0.31903.59
MinimumVisualStudioVersion = 10.0.40219.1
Project("{2150E333-8FDC-42A3-9474-1A3956D46DE8}") = "Domain", "Domain", "{996CEBED-A05B-5D42-3FF0-982E087A2599}"
EndProject
Project("{FAE04EC0-301F-11D3-BF4B-00C04F79EFBC}") = "CryptoJackpot.Domain.Core", "Domain\CryptoJackpot.Domain.Core.csproj", "{6DC97D04-B8C0-4B48-A4CE-B22B3F4A1C18}"
EndProject
Project("{2150E333-8FDC-42A3-9474-1A3956D46DE8}") = "Infra.Bus", "Infra.Bus", "{E376477C-F828-6C98-EC53-D2FF08090A43}"
EndProject
Project("{FAE04EC0-301F-11D3-BF4B-00C04F79EFBC}") = "CryptoJackpot.Infra.Bus", "Infra.Bus\CryptoJackpot.Infra.Bus.csproj", "{096852BE-0C99-472D-9033-390F5D626167}"
EndProject
Project("{2150E333-8FDC-42A3-9474-1A3956D46DE8}") = "Infra.IoC", "Infra.IoC", "{D554D12D-FB77-DBB9-D2C6-6B24B3C2D9EE}"
EndProject
Project("{FAE04EC0-301F-11D3-BF4B-00C04F79EFBC}") = "CryptoJackpot.Infra.IoC", "Infra.IoC\CryptoJackpot.Infra.IoC.csproj", "{36456811-B51B-4E64-9183-9CDF7C6CE0EB}"
EndProject
Project("{2150E333-8FDC-42A3-9474-1A3956D46DE8}") = "Microservices", "Microservices", "{8A367DDA-5161-A942-4F09-60E4726C9306}"
EndProject
Project("{2150E333-8FDC-42A3-9474-1A3956D46DE8}") = "Identity", "Identity", "{81D30253-D957-530F-3512-F8F4B88CAE26}"
EndProject
Project("{2150E333-8FDC-42A3-9474-1A3956D46DE8}") = "Domain", "Domain", "{17598D3E-4CAD-E305-DED6-1FF1F949F4A2}"
EndProject
Project("{FAE04EC0-301F-11D3-BF4B-00C04F79EFBC}") = "CryptoJackpot.Identity.Domain", "Microservices\Identity\Domain\CryptoJackpot.Identity.Domain.csproj", "{3B9980DA-3D6A-45D2-A46A-10549426DB4F}"
EndProject
Project("{2150E333-8FDC-42A3-9474-1A3956D46DE8}") = "Data", "Data", "{71463A38-56A8-9D79-3ED9-FF07A36CF415}"
EndProject
Project("{FAE04EC0-301F-11D3-BF4B-00C04F79EFBC}") = "CryptoJackpot.Identity.Data", "Microservices\Identity\Data\CryptoJackpot.Identity.Data.csproj", "{C6E1AD6B-D9A2-40A0-825D-7F5E47896B23}"
EndProject
Project("{2150E333-8FDC-42A3-9474-1A3956D46DE8}") = "Application", "Application", "{65A5421F-95E7-3E24-C8D5-F5DA96C94083}"
EndProject
Project("{FAE04EC0-301F-11D3-BF4B-00C04F79EFBC}") = "CryptoJackpot.Identity.Application", "Microservices\Identity\Application\CryptoJackpot.Identity.Application.csproj", "{347EC2EE-4A2E-452C-B601-EDFD91A29D1A}"
EndProject
Project("{2150E333-8FDC-42A3-9474-1A3956D46DE8}") = "Api", "Api", "{72931B8C-5F7E-39E0-8CFB-ED39B8A25898}"
EndProject
Project("{FAE04EC0-301F-11D3-BF4B-00C04F79EFBC}") = "CryptoJackpot.Identity.Api", "Microservices\Identity\Api\CryptoJackpot.Identity.Api.csproj", "{938CE652-5B8F-45E7-9F15-E14E49CCA289}"
EndProject
Project("{2150E333-8FDC-42A3-9474-1A3956D46DE8}") = "Notification", "Notification", "{0A5DD24C-022C-ED9C-5A32-26D44E9A4B1B}"
EndProject
Project("{2150E333-8FDC-42A3-9474-1A3956D46DE8}") = "Data", "Data", "{406C3C8B-EA4E-B338-0364-BC59DC7ABE44}"
EndProject
Project("{FAE04EC0-301F-11D3-BF4B-00C04F79EFBC}") = "CryptoJackpot.Notification.Data", "Microservices\Notification\Data\CryptoJackpot.Notification.Data.csproj", "{8F9741B6-FD10-4BC1-8C13-DB8F3BE9C265}"
EndProject
Project("{2150E333-8FDC-42A3-9474-1A3956D46DE8}") = "Api", "Api", "{13AC9D67-A42B-83B2-6276-95598B1D8B33}"
EndProject
Project("{FAE04EC0-301F-11D3-BF4B-00C04F79EFBC}") = "CryptoJackpot.Notification.Api", "Microservices\Notification\Api\CryptoJackpot.Notification.Api.csproj", "{E8498EEB-A54E-4157-A62F-F8A09C8FC585}"
EndProject
Project("{2150E333-8FDC-42A3-9474-1A3956D46DE8}") = "Domain", "Domain", "{95DAFE83-B160-D07D-4CEC-BCA8EA9CDD50}"
EndProject
Project("{FAE04EC0-301F-11D3-BF4B-00C04F79EFBC}") = "CryptoJackpot.Notification.Domain", "Microservices\Notification\Domain\CryptoJackpot.Notification.Domain.csproj", "{751E2455-2180-418D-9BDF-8CF21862F48D}"
EndProject
Project("{2150E333-8FDC-42A3-9474-1A3956D46DE8}") = "Application", "Application", "{F85A2E71-3946-865E-4D56-1644A9C6D788}"
EndProject
Project("{FAE04EC0-301F-11D3-BF4B-00C04F79EFBC}") = "CryptoJackpot.Notification.Application", "Microservices\Notification\Application\CryptoJackpot.Notification.Application.csproj", "{32256133-3770-4476-8947-F780DE6FCFB1}"
EndProject
Global
	GlobalSection(SolutionConfigurationPlatforms) = preSolution
		Debug|Any CPU = Debug|Any CPU
		Debug|x64 = Debug|x64
		Debug|x86 = Debug|x86
		Release|Any CPU = Release|Any CPU
		Release|x64 = Release|x64
		Release|x86 = Release|x86
	EndGlobalSection
	GlobalSection(ProjectConfigurationPlatforms) = postSolution
		{6DC97D04-B8C0-4B48-A4CE-B22B3F4A1C18}.Debug|Any CPU.ActiveCfg = Debug|Any CPU
		{6DC97D04-B8C0-4B48-A4CE-B22B3F4A1C18}.Debug|Any CPU.Build.0 = Debug|Any CPU
		{6DC97D04-B8C0-4B48-A4CE-B22B3F4A1C18}.Debug|x64.ActiveCfg = Debug|Any CPU
		{6DC97D04-B8C0-4B48-A4CE-B22B3F4A1C18}.Debug|x64.Build.0 = Debug|Any CPU
		{6DC97D04-B8C0-4B48-A4CE-B22B3F4A1C18}.Debug|x86.ActiveCfg = Debug|Any CPU
		{6DC97D04-B8C0-4B48-A4CE-B22B3F4A1C18}.Debug|x86.Build.0 = Debug|Any CPU
		{6DC97D04-B8C0-4B48-A4CE-B22B3F4A1C18}.Release|Any CPU.ActiveCfg = Release|Any CPU
		{6DC97D04-B8C0-4B48-A4CE-B22B3F4A1C18}.Release|Any CPU.Build.0 = Release|Any CPU
		{6DC97D04-B8C0-4B48-A4CE-B22B3F4A1C18}.Release|x64.ActiveCfg = Release|Any CPU
		{6DC97D04-B8C0-4B48-A4CE-B22B3F4A1C18}.Release|x64.Build.0 = Release|Any CPU
		{6DC97D04-B8C0-4B48-A4CE-B22B3F4A1C18}.Release|x86.ActiveCfg = Release|Any CPU
		{6DC97D04-B8C0-4B48-A4CE-B22B3F4A1C18}.Release|x86.Build.0 = Release|Any CPU
		{096852BE-0C99-472D-9033-390F5D626167}.Debug|Any CPU.ActiveCfg = Debug|Any CPU
		{096852BE-0C99-472D-9033-390F5D626167}.Debug|Any CPU.Build.0 = Debug|Any CPU
		{096852BE-0C99-472D-9033-390F5D626167}.Debug|x64.ActiveCfg = Debug|Any CPU
		{096852BE-0C99-472D-9033-390F5D626167}.Debug|x64.Build.0 = Debug|Any CPU
		{096852BE-0C99-472D-9033-390F5D626167}.Debug|x86.ActiveCfg = Debug|Any CPU
		{096852BE-0C99-472D-9033-390F5D626167}.Debug|x86.Build.0 = Debug|Any CPU
		{096852BE-0C99-472D-9033-390F5D626167}.Release|Any CPU.ActiveCfg = Release|Any CPU
		{096852BE-0C99-472D-9033-390F5D626167}.Release|Any CPU.Build.0 = Release|Any CPU
		{096852BE-0C99-472D-9033-390F5D626167}.Release|x64.ActiveCfg = Release|Any CPU
		{096852BE-0C99-472D-9033-390F5D626167}.Release|x64.Build.0 = Release|Any CPU
		{096852BE-0C99-472D-9033-390F5D626167}.Release|x86.ActiveCfg = Release|Any CPU
		{096852BE-0C99-472D-9033-390F5D626167}.Release|x86.Build.0 = Release|Any CPU
		{36456811-B51B-4E64-9183-9CDF7C6CE0EB}.Debug|Any CPU.ActiveCfg = Debug|Any CPU
		{36456811-B51B-4E64-9183-9CDF7C6CE0EB}.Debug|Any CPU.Build.0 = Debug|Any CPU
		{36456811-B51B-4E64-9183-9CDF7C6CE0EB}.Debug|x64.ActiveCfg = Debug|Any CPU
		{36456811-B51B-4E64-9183-9CDF7C6CE0EB}.Debug|x64.Build.0 = Debug|Any CPU
		{36456811-B51B-4E64-9183-9CDF7C6CE0EB}.Debug|x86.ActiveCfg = Debug|Any CPU
		{36456811-B51B-4E64-9183-9CDF7C6CE0EB}.Debug|x86.Build.0 = Debug|Any CPU
		{36456811-B51B-4E64-9183-9CDF7C6CE0EB}.Release|Any CPU.ActiveCfg = Release|Any CPU
		{36456811-B51B-4E64-9183-9CDF7C6CE0EB}.Release|Any CPU.Build.0 = Release|Any CPU
		{36456811-B51B-4E64-9183-9CDF7C6CE0EB}.Release|x64.ActiveCfg = Release|Any CPU
		{36456811-B51B-4E64-9183-9CDF7C6CE0EB}.Release|x64.Build.0 = Release|Any CPU
		{36456811-B51B-4E64-9183-9CDF7C6CE0EB}.Release|x86.ActiveCfg = Release|Any CPU
		{36456811-B51B-4E64-9183-9CDF7C6CE0EB}.Release|x86.Build.0 = Release|Any CPU
		{3B9980DA-3D6A-45D2-A46A-10549426DB4F}.Debug|Any CPU.ActiveCfg = Debug|Any CPU
		{3B9980DA-3D6A-45D2-A46A-10549426DB4F}.Debug|Any CPU.Build.0 = Debug|Any CPU
		{3B9980DA-3D6A-45D2-A46A-10549426DB4F}.Debug|x64.ActiveCfg = Debug|Any CPU
		{3B9980DA-3D6A-45D2-A46A-10549426DB4F}.Debug|x64.Build.0 = Debug|Any CPU
		{3B9980DA-3D6A-45D2-A46A-10549426DB4F}.Debug|x86.ActiveCfg = Debug|Any CPU
		{3B9980DA-3D6A-45D2-A46A-10549426DB4F}.Debug|x86.Build.0 = Debug|Any CPU
		{3B9980DA-3D6A-45D2-A46A-10549426DB4F}.Release|Any CPU.ActiveCfg = Release|Any CPU
		{3B9980DA-3D6A-45D2-A46A-10549426DB4F}.Release|Any CPU.Build.0 = Release|Any CPU
		{3B9980DA-3D6A-45D2-A46A-10549426DB4F}.Release|x64.ActiveCfg = Release|Any CPU
		{3B9980DA-3D6A-45D2-A46A-10549426DB4F}.Release|x64.Build.0 = Release|Any CPU
		{3B9980DA-3D6A-45D2-A46A-10549426DB4F}.Release|x86.ActiveCfg = Release|Any CPU
		{3B9980DA-3D6A-45D2-A46A-10549426DB4F}.Release|x86.Build.0 = Release|Any CPU
		{C6E1AD6B-D9A2-40A0-825D-7F5E47896B23}.Debug|Any CPU.ActiveCfg = Debug|Any CPU
		{C6E1AD6B-D9A2-40A0-825D-7F5E47896B23}.Debug|Any CPU.Build.0 = Debug|Any CPU
		{C6E1AD6B-D9A2-40A0-825D-7F5E47896B23}.Debug|x64.ActiveCfg = Debug|Any CPU
		{C6E1AD6B-D9A2-40A0-825D-7F5E47896B23}.Debug|x64.Build.0 = Debug|Any CPU
		{C6E1AD6B-D9A2-40A0-825D-7F5E47896B23}.Debug|x86.ActiveCfg = Debug|Any CPU
		{C6E1AD6B-D9A2-40A0-825D-7F5E47896B23}.Debug|x86.Build.0 = Debug|Any CPU
		{C6E1AD6B-D9A2-40A0-825D-7F5E47896B23}.Release|Any CPU.ActiveCfg = Release|Any CPU
		{C6E1AD6B-D9A2-40A0-825D-7F5E47896B23}.Release|Any CPU.Build.0 = Release|Any CPU
		{C6E1AD6B-D9A2-40A0-825D-7F5E47896B23}.Release|x64.ActiveCfg = Release|Any CPU
		{C6E1AD6B-D9A2-40A0-825D-7F5E47896B23}.Release|x64.Build.0 = Release|Any CPU
		{C6E1AD6B-D9A2-40A0-825D-7F5E47896B23}.Release|x86.ActiveCfg = Release|Any CPU
		{C6E1AD6B-D9A2-40A0-825D-7F5E47896B23}.Release|x86.Build.0 = Release|Any CPU
		{347EC2EE-4A2E-452C-B601-EDFD91A29D1A}.Debug|Any CPU.ActiveCfg = Debug|Any CPU
		{347EC2EE-4A2E-452C-B601-EDFD91A29D1A}.Debug|Any CPU.Build.0 = Debug|Any CPU
		{347EC2EE-4A2E-452C-B601-EDFD91A29D1A}.Debug|x64.ActiveCfg = Debug|Any CPU
		{347EC2EE-4A2E-452C-B601-EDFD91A29D1A}.Debug|x64.Build.0 = Debug|Any CPU
		{347EC2EE-4A2E-452C-B601-EDFD91A29D1A}.Debug|x86.ActiveCfg = Debug|Any CPU
		{347EC2EE-4A2E-452C-B601-EDFD91A29D1A}.Debug|x86.Build.0 = Debug|Any CPU
		{347EC2EE-4A2E-452C-B601-EDFD91A29D1A}.Release|Any CPU.ActiveCfg = Release|Any CPU
		{347EC2EE-4A2E-452C-B601-EDFD91A29D1A}.Release|Any CPU.Build.0 = Release|Any CPU
		{347EC2EE-4A2E-452C-B601-EDFD91A29D1A}.Release|x64.ActiveCfg = Release|Any CPU
		{347EC2EE-4A2E-452C-B601-EDFD91A29D1A}.Release|x64.Build.0 = Release|Any CPU
		{347EC2EE-4A2E-452C-B601-EDFD91A29D1A}.Release|x86.ActiveCfg = Release|Any CPU
		{347EC2EE-4A2E-452C-B601-EDFD91A29D1A}.Release|x86.Build.0 = Release|Any CPU
		{938CE652-5B8F-45E7-9F15-E14E49CCA289}.Debug|Any CPU.ActiveCfg = Debug|Any CPU
		{938CE652-5B8F-45E7-9F15-E14E49CCA289}.Debug|Any CPU.Build.0 = Debug|Any CPU
		{938CE652-5B8F-45E7-9F15-E14E49CCA289}.Debug|x64.ActiveCfg = Debug|Any CPU
		{938CE652-5B8F-45E7-9F15-E14E49CCA289}.Debug|x64.Build.0 = Debug|Any CPU
		{938CE652-5B8F-45E7-9F15-E14E49CCA289}.Debug|x86.ActiveCfg = Debug|Any CPU
		{938CE652-5B8F-45E7-9F15-E14E49CCA289}.Debug|x86.Build.0 = Debug|Any CPU
		{938CE652-5B8F-45E7-9F15-E14E49CCA289}.Release|Any CPU.ActiveCfg = Release|Any CPU
		{938CE652-5B8F-45E7-9F15-E14E49CCA289}.Release|Any CPU.Build.0 = Release|Any CPU
		{938CE652-5B8F-45E7-9F15-E14E49CCA289}.Release|x64.ActiveCfg = Release|Any CPU
		{938CE652-5B8F-45E7-9F15-E14E49CCA289}.Release|x64.Build.0 = Release|Any CPU
		{938CE652-5B8F-45E7-9F15-E14E49CCA289}.Release|x86.ActiveCfg = Release|Any CPU
		{938CE652-5B8F-45E7-9F15-E14E49CCA289}.Release|x86.Build.0 = Release|Any CPU
		{8F9741B6-FD10-4BC1-8C13-DB8F3BE9C265}.Debug|Any CPU.ActiveCfg = Debug|Any CPU
		{8F9741B6-FD10-4BC1-8C13-DB8F3BE9C265}.Debug|Any CPU.Build.0 = Debug|Any CPU
		{8F9741B6-FD10-4BC1-8C13-DB8F3BE9C265}.Debug|x64.ActiveCfg = Debug|Any CPU
		{8F9741B6-FD10-4BC1-8C13-DB8F3BE9C265}.Debug|x64.Build.0 = Debug|Any CPU
		{8F9741B6-FD10-4BC1-8C13-DB8F3BE9C265}.Debug|x86.ActiveCfg = Debug|Any CPU
		{8F9741B6-FD10-4BC1-8C13-DB8F3BE9C265}.Debug|x86.Build.0 = Debug|Any CPU
		{8F9741B6-FD10-4BC1-8C13-DB8F3BE9C265}.Release|Any CPU.ActiveCfg = Release|Any CPU
		{8F9741B6-FD10-4BC1-8C13-DB8F3BE9C265}.Release|Any CPU.Build.0 = Release|Any CPU
		{8F9741B6-FD10-4BC1-8C13-DB8F3BE9C265}.Release|x64.ActiveCfg = Release|Any CPU
		{8F9741B6-FD10-4BC1-8C13-DB8F3BE9C265}.Release|x64.Build.0 = Release|Any CPU
		{8F9741B6-FD10-4BC1-8C13-DB8F3BE9C265}.Release|x86.ActiveCfg = Release|Any CPU
		{8F9741B6-FD10-4BC1-8C13-DB8F3BE9C265}.Release|x86.Build.0 = Release|Any CPU
		{E8498EEB-A54E-4157-A62F-F8A09C8FC585}.Debug|Any CPU.ActiveCfg = Debug|Any CPU
		{E8498EEB-A54E-4157-A62F-F8A09C8FC585}.Debug|Any CPU.Build.0 = Debug|Any CPU
		{E8498EEB-A54E-4157-A62F-F8A09C8FC585}.Debug|x64.ActiveCfg = Debug|Any CPU
		{E8498EEB-A54E-4157-A62F-F8A09C8FC585}.Debug|x64.Build.0 = Debug|Any CPU
		{E8498EEB-A54E-4157-A62F-F8A09C8FC585}.Debug|x86.ActiveCfg = Debug|Any CPU
		{E8498EEB-A54E-4157-A62F-F8A09C8FC585}.Debug|x86.Build.0 = Debug|Any CPU
		{E8498EEB-A54E-4157-A62F-F8A09C8FC585}.Release|Any CPU.ActiveCfg = Release|Any CPU
		{E8498EEB-A54E-4157-A62F-F8A09C8FC585}.Release|Any CPU.Build.0 = Release|Any CPU
		{E8498EEB-A54E-4157-A62F-F8A09C8FC585}.Release|x64.ActiveCfg = Release|Any CPU
		{E8498EEB-A54E-4157-A62F-F8A09C8FC585}.Release|x64.Build.0 = Release|Any CPU
		{E8498EEB-A54E-4157-A62F-F8A09C8FC585}.Release|x86.ActiveCfg = Release|Any CPU
		{E8498EEB-A54E-4157-A62F-F8A09C8FC585}.Release|x86.Build.0 = Release|Any CPU
		{751E2455-2180-418D-9BDF-8CF21862F48D}.Debug|Any CPU.ActiveCfg = Debug|Any CPU
		{751E2455-2180-418D-9BDF-8CF21862F48D}.Debug|Any CPU.Build.0 = Debug|Any CPU
		{751E2455-2180-418D-9BDF-8CF21862F48D}.Debug|x64.ActiveCfg = Debug|Any CPU
		{751E2455-2180-418D-9BDF-8CF21862F48D}.Debug|x64.Build.0 = Debug|Any CPU
		{751E2455-2180-418D-9BDF-8CF21862F48D}.Debug|x86.ActiveCfg = Debug|Any CPU
		{751E2455-2180-418D-9BDF-8CF21862F48D}.Debug|x86.Build.0 = Debug|Any CPU
		{751E2455-2180-418D-9BDF-8CF21862F48D}.Release|Any CPU.ActiveCfg = Release|Any CPU
		{751E2455-2180-418D-9BDF-8CF21862F48D}.Release|Any CPU.Build.0 = Release|Any CPU
		{751E2455-2180-418D-9BDF-8CF21862F48D}.Release|x64.ActiveCfg = Release|Any CPU
		{751E2455-2180-418D-9BDF-8CF21862F48D}.Release|x64.Build.0 = Release|Any CPU
		{751E2455-2180-418D-9BDF-8CF21862F48D}.Release|x86.ActiveCfg = Release|Any CPU
		{751E2455-2180-418D-9BDF-8CF21862F48D}.Release|x86.Build.0 = Release|Any CPU
		{32256133-3770-4476-8947-F780DE6FCFB1}.Debug|Any CPU.ActiveCfg = Debug|Any CPU
		{32256133-3770-4476-8947-F780DE6FCFB1}.Debug|Any CPU.Build.0 = Debug|Any CPU
		{32256133-3770-4476-8947-F780DE6FCFB1}.Debug|x64.ActiveCfg = Debug|Any CPU
		{32256133-3770-4476-8947-F780DE6FCFB1}.Debug|x64.Build.0 = Debug|Any CPU
		{32256133-3770-4476-8947-F780DE6FCFB1}.Debug|x86.ActiveCfg = Debug|Any CPU
		{32256133-3770-4476-8947-F780DE6FCFB1}.Debug|x86.Build.0 = Debug|Any CPU
		{32256133-3770-4476-8947-F780DE6FCFB1}.Release|Any CPU.ActiveCfg = Release|Any CPU
		{32256133-3770-4476-8947-F780DE6FCFB1}.Release|Any CPU.Build.0 = Release|Any CPU
		{32256133-3770-4476-8947-F780DE6FCFB1}.Release|x64.ActiveCfg = Release|Any CPU
		{32256133-3770-4476-8947-F780DE6FCFB1}.Release|x64.Build.0 = Release|Any CPU
		{32256133-3770-4476-8947-F780DE6FCFB1}.Release|x86.ActiveCfg = Release|Any CPU
		{32256133-3770-4476-8947-F780DE6FCFB1}.Release|x86.Build.0 = Release|Any CPU
	EndGlobalSection
	GlobalSection(SolutionProperties) = preSolution
		HideSolutionNode = FALSE
	EndGlobalSection
	GlobalSection(NestedProjects) = preSolution
		{6DC97D04-B8C0-4B48-A4CE-B22B3F4A1C18} = {996CEBED-A05B-5D42-3FF0-982E087A2599}
		{096852BE-0C99-472D-9033-390F5D626167} = {E376477C-F828-6C98-EC53-D2FF08090A43}
		{36456811-B51B-4E64-9183-9CDF7C6CE0EB} = {D554D12D-FB77-DBB9-D2C6-6B24B3C2D9EE}
		{81D30253-D957-530F-3512-F8F4B88CAE26} = {8A367DDA-5161-A942-4F09-60E4726C9306}
		{17598D3E-4CAD-E305-DED6-1FF1F949F4A2} = {81D30253-D957-530F-3512-F8F4B88CAE26}
		{3B9980DA-3D6A-45D2-A46A-10549426DB4F} = {17598D3E-4CAD-E305-DED6-1FF1F949F4A2}
		{71463A38-56A8-9D79-3ED9-FF07A36CF415} = {81D30253-D957-530F-3512-F8F4B88CAE26}
		{C6E1AD6B-D9A2-40A0-825D-7F5E47896B23} = {71463A38-56A8-9D79-3ED9-FF07A36CF415}
		{65A5421F-95E7-3E24-C8D5-F5DA96C94083} = {81D30253-D957-530F-3512-F8F4B88CAE26}
		{347EC2EE-4A2E-452C-B601-EDFD91A29D1A} = {65A5421F-95E7-3E24-C8D5-F5DA96C94083}
		{72931B8C-5F7E-39E0-8CFB-ED39B8A25898} = {81D30253-D957-530F-3512-F8F4B88CAE26}
		{938CE652-5B8F-45E7-9F15-E14E49CCA289} = {72931B8C-5F7E-39E0-8CFB-ED39B8A25898}
		{0A5DD24C-022C-ED9C-5A32-26D44E9A4B1B} = {8A367DDA-5161-A942-4F09-60E4726C9306}
		{406C3C8B-EA4E-B338-0364-BC59DC7ABE44} = {0A5DD24C-022C-ED9C-5A32-26D44E9A4B1B}
		{8F9741B6-FD10-4BC1-8C13-DB8F3BE9C265} = {406C3C8B-EA4E-B338-0364-BC59DC7ABE44}
		{13AC9D67-A42B-83B2-6276-95598B1D8B33} = {0A5DD24C-022C-ED9C-5A32-26D44E9A4B1B}
		{E8498EEB-A54E-4157-A62F-F8A09C8FC585} = {13AC9D67-A42B-83B2-6276-95598B1D8B33}
		{95DAFE83-B160-D07D-4CEC-BCA8EA9CDD50} = {0A5DD24C-022C-ED9C-5A32-26D44E9A4B1B}
		{751E2455-2180-418D-9BDF-8CF21862F48D} = {95DAFE83-B160-D07D-4CEC-BCA8EA9CDD50}
		{F85A2E71-3946-865E-4D56-1644A9C6D788} = {0A5DD24C-022C-ED9C-5A32-26D44E9A4B1B}
		{32256133-3770-4476-8947-F780DE6FCFB1} = {F85A2E71-3946-865E-4D56-1644A9C6D788}
	EndGlobalSection
EndGlobal
